
Microsoft Visual Studio Solution File, Format Version 12.00
# Visual Studio 14
VisualStudioVersion = 14.0.25420.1
MinimumVisualStudioVersion = 10.0.40219.1
Project("{FAE04EC0-301F-11D3-BF4B-00C04F79EFBC}") = "DS-Map", "DS-Map\DS-Map.csproj", "{9F8E99A7-9124-4CB2-8DDD-F0F62F2D8DCD}"
EndProject
Project("{FAE04EC0-301F-11D3-BF4B-00C04F79EFBC}") = "DSHL", "DSHL\DSHL.csproj", "{AB0F35CA-0B64-489D-A41E-174A942F149A}"
EndProject
Global
	GlobalSection(SolutionConfigurationPlatforms) = preSolution
		Debug|Any CPU = Debug|Any CPU
		Release|Any CPU = Release|Any CPU
	EndGlobalSection
	GlobalSection(ProjectConfigurationPlatforms) = postSolution
		{9F8E99A7-9124-4CB2-8DDD-F0F62F2D8DCD}.Debug|Any CPU.ActiveCfg = Debug|Any CPU
		{9F8E99A7-9124-4CB2-8DDD-F0F62F2D8DCD}.Debug|Any CPU.Build.0 = Debug|Any CPU
		{9F8E99A7-9124-4CB2-8DDD-F0F62F2D8DCD}.Release|Any CPU.ActiveCfg = Release|Any CPU
		{9F8E99A7-9124-4CB2-8DDD-F0F62F2D8DCD}.Release|Any CPU.Build.0 = Release|Any CPU
		{AB0F35CA-0B64-489D-A41E-174A942F149A}.Debug|Any CPU.ActiveCfg = Debug|Any CPU
		{AB0F35CA-0B64-489D-A41E-174A942F149A}.Debug|Any CPU.Build.0 = Debug|Any CPU
		{AB0F35CA-0B64-489D-A41E-174A942F149A}.Debug|Any CPU.Deploy.0 = Debug|Any CPU
		{AB0F35CA-0B64-489D-A41E-174A942F149A}.Release|Any CPU.ActiveCfg = Release|Any CPU
		{AB0F35CA-0B64-489D-A41E-174A942F149A}.Release|Any CPU.Build.0 = Release|Any CPU
	EndGlobalSection
	GlobalSection(SolutionProperties) = preSolution
		HideSolutionNode = FALSE
	EndGlobalSection
EndGlobal
